Microsoft Visual Studio Solution File, Format Version 8.00
Project("{8BC9CEB8-8B4A-11D0-8D11-00A0C91BC942}") = "BallTrack", "BallTrack.vcproj", "{E7C6A473-C357-40B5-94EF-96A6978015DA}"
	ProjectSection(ProjectDependencies) = postProject
	EndProjectSection
EndProject
Global
	GlobalSection(SolutionConfiguration) = preSolution
		Debug = Debug
		Debug_MBCS = Debug_MBCS
		Release = Release
		Release_MBCS = Release_MBCS
	EndGlobalSection
	GlobalSection(ProjectConfiguration) = postSolution
		{E7C6A473-C357-40B5-94EF-96A6978015DA}.Debug.ActiveCfg = Debug|Win32
		{E7C6A473-C357-40B5-94EF-96A6978015DA}.Debug.Build.0 = Debug|Win32
		{E7C6A473-C357-40B5-94EF-96A6978015DA}.Debug_MBCS.ActiveCfg = Debug_MBCS|Win32
		{E7C6A473-C357-40B5-94EF-96A6978015DA}.Debug_MBCS.Build.0 = Debug_MBCS|Win32
		{E7C6A473-C357-40B5-94EF-96A6978015DA}.Release.ActiveCfg = Release|Win32
		{E7C6A473-C357-40B5-94EF-96A6978015DA}.Release.Build.0 = Release|Win32
		{E7C6A473-C357-40B5-94EF-96A6978015DA}.Release_MBCS.ActiveCfg = Release_MBCS|Win32
		{E7C6A473-C357-40B5-94EF-96A6978015DA}.Release_MBCS.Build.0 = Release_MBCS|Win32
	EndGlobalSection
	GlobalSection(ExtensibilityGlobals) = postSolution
	EndGlobalSection
	GlobalSection(ExtensibilityAddIns) = postSolution
	EndGlobalSection
EndGlobal
